// !$*UTF8*$!
{
	archiveVersion = 1;
	classes = {
	};
	objectVersion = 46;
	objects = {

/* Begin PBXBuildFile section */
		333664801BA60E1C0049F01B /* Rubric v2.0.pdf in Resources */ = {isa = PBXBuildFile; fileRef = 3336647F1BA60E1C0049F01B /* Rubric v2.0.pdf */; };
		333664831BA610360049F01B /* Meme.swift in Sources */ = {isa = PBXBuildFile; fileRef = 333664821BA610360049F01B /* Meme.swift */; };
		33A915311B89124D000CAACB /* AppDelegate.swift in Sources */ = {isa = PBXBuildFile; fileRef = 33A915301B89124D000CAACB /* AppDelegate.swift */; };
		33A915331B89124D000CAACB /* MemeEditorVC.swift in Sources */ = {isa = PBXBuildFile; fileRef = 33A915321B89124D000CAACB /* MemeEditorVC.swift */; };
		33A915361B89124D000CAACB /* Main.storyboard in Resources */ = {isa = PBXBuildFile; fileRef = 33A915341B89124D000CAACB /* Main.storyboard */; };
		33A915381B89124D000CAACB /* Images.xcassets in Resources */ = {isa = PBXBuildFile; fileRef = 33A915371B89124D000CAACB /* Images.xcassets */; };
		33A9153B1B89124D000CAACB /* LaunchScreen.xib in Resources */ = {isa = PBXBuildFile; fileRef = 33A915391B89124D000CAACB /* LaunchScreen.xib */; };
		33A915471B89124D000CAACB /* MemeMeTests.swift in Sources */ = {isa = PBXBuildFile; fileRef = 33A915461B89124D000CAACB /* MemeMeTests.swift */; };
		33D6425F1BA66FBF00B2BAF8 /* MemeTableVC.swift in Sources */ = {isa = PBXBuildFile; fileRef = 33D6425E1BA66FBF00B2BAF8 /* MemeTableVC.swift */; };
		33D642631BA68A6100B2BAF8 /* MemeDetailVC.swift in Sources */ = {isa = PBXBuildFile; fileRef = 33D642621BA68A6100B2BAF8 /* MemeDetailVC.swift */; };
		33D642651BA773DE00B2BAF8 /* MemeCollectionVC.swift in Sources */ = {isa = PBXBuildFile; fileRef = 33D642641BA773DE00B2BAF8 /* MemeCollectionVC.swift */; };
		33D642671BA79BEE00B2BAF8 /* MemeCollectionViewCell.swift in Sources */ = {isa = PBXBuildFile; fileRef = 33D642661BA79BEE00B2BAF8 /* MemeCollectionViewCell.swift */; };
/* End PBXBuildFile section */

/* Begin PBXContainerItemProxy section */
		33A915411B89124D000CAACB /* PBXContainerItemProxy */ = {
			isa = PBXContainerItemProxy;
			containerPortal = 33A915231B89124D000CAACB /* Project object */;
			proxyType = 1;
			remoteGlobalIDString = 33A9152A1B89124D000CAACB;
			remoteInfo = MemeMe;
		};
/* End PBXContainerItemProxy section */

/* Begin PBXFileReference section */
		3336647F1BA60E1C0049F01B /* Rubric v2.0.pdf */ = {isa = PBXFileReference; lastKnownFileType = image.pdf; path = "Rubric v2.0.pdf"; sourceTree = "<group>"; };
		333664821BA610360049F01B /* Meme.swift */ = {isa = PBXFileReference; fileEncoding = 4; lastKnownFileType = sourcecode.swift; path = Meme.swift; sourceTree = "<group>"; };
		33A9152B1B89124D000CAACB /* MemeMe.app */ = {isa = PBXFileReference; explicitFileType = wrapper.application; includeInIndex = 0; path = MemeMe.app; sourceTree = BUILT_PRODUCTS_DIR; };
		33A9152F1B89124D000CAACB /* Info.plist */ = {isa = PBXFileReference; lastKnownFileType = text.plist.xml; path = Info.plist; sourceTree = "<group>"; };
		33A915301B89124D000CAACB /* AppDelegate.swift */ = {isa = PBXFileReference; lastKnownFileType = sourcecode.swift; path = AppDelegate.swift; sourceTree = "<group>"; };
		33A915321B89124D000CAACB /* MemeEditorVC.swift */ = {isa = PBXFileReference; lastKnownFileType = sourcecode.swift; path = MemeEditorVC.swift; sourceTree = "<group>"; };
		33A915351B89124D000CAACB /* Base */ = {isa = PBXFileReference; lastKnownFileType = file.storyboard; name = Base; path = Base.lproj/Main.storyboard; sourceTree = "<group>"; };
		33A915371B89124D000CAACB /* Images.xcassets */ = {isa = PBXFileReference; lastKnownFileType = folder.assetcatalog; path = Images.xcassets; sourceTree = "<group>"; };
		33A9153A1B89124D000CAACB /* Base */ = {isa = PBXFileReference; lastKnownFileType = file.xib; name = Base; path = Base.lproj/LaunchScreen.xib; sourceTree = "<group>"; };
		33A915401B89124D000CAACB /* MemeMeTests.xctest */ = {isa = PBXFileReference; explicitFileType = wrapper.cfbundle; includeInIndex = 0; path = MemeMeTests.xctest; sourceTree = BUILT_PRODUCTS_DIR; };
		33A915451B89124D000CAACB /* Info.plist */ = {isa = PBXFileReference; lastKnownFileType = text.plist.xml; path = Info.plist; sourceTree = "<group>"; };
		33A915461B89124D000CAACB /* MemeMeTests.swift */ = {isa = PBXFileReference; lastKnownFileType = sourcecode.swift; path = MemeMeTests.swift; sourceTree = "<group>"; };
		33A915501B8914C1000CAACB /* Rubric v1.0.pdf */ = {isa = PBXFileReference; lastKnownFileType = image.pdf; path = "Rubric v1.0.pdf"; sourceTree = SOURCE_ROOT; };
		33D6425E1BA66FBF00B2BAF8 /* MemeTableVC.swift */ = {isa = PBXFileReference; fileEncoding = 4; lastKnownFileType = sourcecode.swift; path = MemeTableVC.swift; sourceTree = "<group>"; };
		33D642621BA68A6100B2BAF8 /* MemeDetailVC.swift */ = {isa = PBXFileReference; fileEncoding = 4; lastKnownFileType = sourcecode.swift; name = MemeDetailVC.swift; path = ../MemeDetailVC.swift; sourceTree = "<group>"; };
		33D642641BA773DE00B2BAF8 /* MemeCollectionVC.swift */ = {isa = PBXFileReference; fileEncoding = 4; lastKnownFileType = sourcecode.swift; path = MemeCollectionVC.swift; sourceTree = "<group>"; };
		33D642661BA79BEE00B2BAF8 /* MemeCollectionViewCell.swift */ = {isa = PBXFileReference; fileEncoding = 4; lastKnownFileType = sourcecode.swift; path = MemeCollectionViewCell.swift; sourceTree = "<group>"; };
/* End PBXFileReference section */

/* Begin PBXFrameworksBuildPhase section */
		33A915281B89124D000CAACB /* Frameworks */ = {
			isa = PBXFrameworksBuildPhase;
			buildActionMask = 2147483647;
			files = (
			);
			runOnlyForDeploymentPostprocessing = 0;
		};
		33A9153D1B89124D000CAACB /* Frameworks */ = {
			isa = PBXFrameworksBuildPhase;
			buildActionMask = 2147483647;
			files = (
			);
			runOnlyForDeploymentPostprocessing = 0;
		};
/* End PBXFrameworksBuildPhase section */

/* Begin PBXGroup section */
		333664811BA60E570049F01B /* Docs */ = {
			isa = PBXGroup;
			children = (
				33A915501B8914C1000CAACB /* Rubric v1.0.pdf */,
				3336647F1BA60E1C0049F01B /* Rubric v2.0.pdf */,
			);
			name = Docs;
			sourceTree = "<group>";
		};
		33A915221B89124D000CAACB = {
			isa = PBXGroup;
			children = (
				333664811BA60E570049F01B /* Docs */,
				33A9152D1B89124D000CAACB /* MemeMe */,
				33A915431B89124D000CAACB /* MemeMeTests */,
				33A9152C1B89124D000CAACB /* Products */,
			);
			sourceTree = "<group>";
		};
		33A9152C1B89124D000CAACB /* Products */ = {
			isa = PBXGroup;
			children = (
				33A9152B1B89124D000CAACB /* MemeMe.app */,
				33A915401B89124D000CAACB /* MemeMeTests.xctest */,
			);
			name = Products;
			sourceTree = "<group>";
		};
		33A9152D1B89124D000CAACB /* MemeMe */ = {
			isa = PBXGroup;
			children = (
				33A915301B89124D000CAACB /* AppDelegate.swift */,
				33A915321B89124D000CAACB /* MemeEditorVC.swift */,
				333664821BA610360049F01B /* Meme.swift */,
				33D642621BA68A6100B2BAF8 /* MemeDetailVC.swift */,
				33A915341B89124D000CAACB /* Main.storyboard */,
				33D6425E1BA66FBF00B2BAF8 /* MemeTableVC.swift */,
				33D642641BA773DE00B2BAF8 /* MemeCollectionVC.swift */,
				33D642661BA79BEE00B2BAF8 /* MemeCollectionViewCell.swift */,
				33A915371B89124D000CAACB /* Images.xcassets */,
				33A915391B89124D000CAACB /* LaunchScreen.xib */,
				33A9152E1B89124D000CAACB /* Supporting Files */,
			);
			path = MemeMe;
			sourceTree = "<group>";
		};
		33A9152E1B89124D000CAACB /* Supporting Files */ = {
			isa = PBXGroup;
			children = (
				33A9152F1B89124D000CAACB /* Info.plist */,
			);
			name = "Supporting Files";
			sourceTree = "<group>";
		};
		33A915431B89124D000CAACB /* MemeMeTests */ = {
			isa = PBXGroup;
			children = (
				33A915461B89124D000CAACB /* MemeMeTests.swift */,
				33A915441B89124D000CAACB /* Supporting Files */,
			);
			path = MemeMeTests;
			sourceTree = "<group>";
		};
		33A915441B89124D000CAACB /* Supporting Files */ = {
			isa = PBXGroup;
			children = (
				33A915451B89124D000CAACB /* Info.plist */,
			);
			name = "Supporting Files";
			sourceTree = "<group>";
		};
/* End PBXGroup section */

/* Begin PBXNativeTarget section */
		33A9152A1B89124D000CAACB /* MemeMe */ = {
			isa = PBXNativeTarget;
			buildConfigurationList = 33A9154A1B89124D000CAACB /* Build configuration list for PBXNativeTarget "MemeMe" */;
			buildPhases = (
				33A915271B89124D000CAACB /* Sources */,
				33A915281B89124D000CAACB /* Frameworks */,
				33A915291B89124D000CAACB /* Resources */,
			);
			buildRules = (
			);
			dependencies = (
			);
			name = MemeMe;
			productName = MemeMe;
			productReference = 33A9152B1B89124D000CAACB /* MemeMe.app */;
			productType = "com.apple.product-type.application";
		};
		33A9153F1B89124D000CAACB /* MemeMeTests */ = {
			isa = PBXNativeTarget;
			buildConfigurationList = 33A9154D1B89124D000CAACB /* Build configuration list for PBXNativeTarget "MemeMeTests" */;
			buildPhases = (
				33A9153C1B89124D000CAACB /* Sources */,
				33A9153D1B89124D000CAACB /* Frameworks */,
				33A9153E1B89124D000CAACB /* Resources */,
			);
			buildRules = (
			);
			dependencies = (
				33A915421B89124D000CAACB /* PBXTargetDependency */,
			);
			name = MemeMeTests;
			productName = MemeMeTests;
			productReference = 33A915401B89124D000CAACB /* MemeMeTests.xctest */;
			productType = "com.apple.product-type.bundle.unit-test";
		};
/* End PBXNativeTarget section */

/* Begin PBXProject section */
		33A915231B89124D000CAACB /* Project object */ = {
			isa = PBXProject;
			attributes = {
				LastUpgradeCheck = 0640;
				ORGANIZATIONNAME = "Danilo Fiorenzano";
				TargetAttributes = {
					33A9152A1B89124D000CAACB = {
						CreatedOnToolsVersion = 6.4;
					};
					33A9153F1B89124D000CAACB = {
						CreatedOnToolsVersion = 6.4;
						TestTargetID = 33A9152A1B89124D000CAACB;
					};
				};
			};
			buildConfigurationList = 33A915261B89124D000CAACB /* Build configuration list for PBXProject "MemeMe" */;
			compatibilityVersion = "Xcode 3.2";
			developmentRegion = English;
			hasScannedForEncodings = 0;
			knownRegions = (
				en,
				Base,
			);
			mainGroup = 33A915221B89124D000CAACB;
			productRefGroup = 33A9152C1B89124D000CAACB /* Products */;
			projectDirPath = "";
			projectRoot = "";
			targets = (
				33A9152A1B89124D000CAACB /* MemeMe */,
				33A9153F1B89124D000CAACB /* MemeMeTests */,
			);
		};
/* End PBXProject section */

/* Begin PBXResourcesBuildPhase section */
		33A915291B89124D000CAACB /* Resources */ = {
			isa = PBXResourcesBuildPhase;
			buildActionMask = 2147483647;
			files = (
				333664801BA60E1C0049F01B /* Rubric v2.0.pdf in Resources */,
				33A915361B89124D000CAACB /* Main.storyboard in Resources */,
				33A9153B1B89124D000CAACB /* LaunchScreen.xib in Resources */,
				33A915381B89124D000CAACB /* Images.xcassets in Resources */,
			);
			runOnlyForDeploymentPostprocessing = 0;
		};
		33A9153E1B89124D000CAACB /* Resources */ = {
			isa = PBXResourcesBuildPhase;
			buildActionMask = 2147483647;
			files = (
			);
			runOnlyForDeploymentPostprocessing = 0;
		};
/* End PBXResourcesBuildPhase section */

/* Begin PBXSourcesBuildPhase section */
		33A915271B89124D000CAACB /* Sources */ = {
			isa = PBXSourcesBuildPhase;
			buildActionMask = 2147483647;
			files = (
				333664831BA610360049F01B /* Meme.swift in Sources */,
				33D642631BA68A6100B2BAF8 /* MemeDetailVC.swift in Sources */,
				33D642651BA773DE00B2BAF8 /* MemeCollectionVC.swift in Sources */,
				33A915331B89124D000CAACB /* MemeEditorVC.swift in Sources */,
				33D642671BA79BEE00B2BAF8 /* MemeCollectionViewCell.swift in Sources */,
				33A915311B89124D000CAACB /* AppDelegate.swift in Sources */,
				33D6425F1BA66FBF00B2BAF8 /* MemeTableVC.swift in Sources */,
			);
			runOnlyForDeploymentPostprocessing = 0;
		};
		33A9153C1B89124D000CAACB /* Sources */ = {
			isa = PBXSourcesBuildPhase;
			buildActionMask = 2147483647;
			files = (
				33A915471B89124D000CAACB /* MemeMeTests.swift in Sources */,
			);
			runOnlyForDeploymentPostprocessing = 0;
		};
/* End PBXSourcesBuildPhase section */

/* Begin PBXTargetDependency section */
		33A915421B89124D000CAACB /* PBXTargetDependency */ = {
			isa = PBXTargetDependency;
			target = 33A9152A1B89124D000CAACB /* MemeMe */;
			targetProxy = 33A915411B89124D000CAACB /* PBXContainerItemProxy */;
		};
/* End PBXTargetDependency section */

/* Begin PBXVariantGroup section */
		33A915341B89124D000CAACB /* Main.storyboard */ = {
			isa = PBXVariantGroup;
			children = (
				33A915351B89124D000CAACB /* Base */,
			);
			name = Main.storyboard;
			sourceTree = "<group>";
		};
		33A915391B89124D000CAACB /* LaunchScreen.xib */ = {
			isa = PBXVariantGroup;
			children = (
				33A9153A1B89124D000CAACB /* Base */,
			);
			name = LaunchScreen.xib;
			sourceTree = "<group>";
		};
/* End PBXVariantGroup section */

/* Begin XCBuildConfiguration section */
		33A915481B89124D000CAACB /* Debug */ = {
			isa = XCBuildConfiguration;
			buildSettings = {
				ALWAYS_SEARCH_USER_PATHS = NO;
				CLANG_CXX_LANGUAGE_STANDARD = "gnu++0x";
				CLANG_CXX_LIBRARY = "libc++";
				CLANG_ENABLE_MODULES = YES;
				CLANG_ENABLE_OBJC_ARC = YES;
				CLANG_WARN_BOOL_CONVERSION = YES;
				CLANG_WARN_CONSTANT_CONVERSION = YES;
				CLANG_WARN_DIRECT_OBJC_ISA_USAGE = YES_ERROR;
				CLANG_WARN_EMPTY_BODY = YES;
				CLANG_WARN_ENUM_CONVERSION = YES;
				CLANG_WARN_INT_CONVERSION = YES;
				CLANG_WARN_OBJC_ROOT_CLASS = YES_ERROR;
				CLANG_WARN_UNREACHABLE_CODE = YES;
				CLANG_WARN__DUPLICATE_METHOD_MATCH = YES;
				"CODE_SIGN_IDENTITY[sdk=iphoneos*]" = "iPhone Developer";
				COPY_PHASE_STRIP = NO;
				DEBUG_INFORMATION_FORMAT = "dwarf-with-dsym";
				ENABLE_STRICT_OBJC_MSGSEND = YES;
				GCC_C_LANGUAGE_STANDARD = gnu99;
				GCC_DYNAMIC_NO_PIC = NO;
				GCC_NO_COMMON_BLOCKS = YES;
				GCC_OPTIMIZATION_LEVEL = 0;
				GCC_PREPROCESSOR_DEFINITIONS = (
					"DEBUG=1",
					"$(inherited)",
				);
				GCC_SYMBOLS_PRIVATE_EXTERN = NO;
				GCC_WARN_64_TO_32_BIT_CONVERSION = YES;
				GCC_WARN_ABOUT_RETURN_TYPE = YES_ERROR;
				GCC_WARN_UNDECLARED_SELECTOR = YES;
				GCC_WARN_UNINITIALIZED_AUTOS = YES_AGGRESSIVE;
				GCC_WARN_UNUSED_FUNCTION = YES;
				GCC_WARN_UNUSED_VARIABLE = YES;
				IPHONEOS_DEPLOYMENT_TARGET = 8.4;
				MTL_ENABLE_DEBUG_INFO = YES;
				ONLY_ACTIVE_ARCH = YES;
				SDKROOT = iphoneos;
				SWIFT_OPTIMIZATION_LEVEL = "-Onone";
			};
			name = Debug;
		};
		33A915491B89124D000CAACB /* Release */ = {
			isa = XCBuildConfiguration;
			buildSettings = {
				ALWAYS_SEARCH_USER_PATHS = NO;
				CLANG_CXX_LANGUAGE_STANDARD = "gnu++0x";
				CLANG_CXX_LIBRARY = "libc++";
				CLANG_ENABLE_MODULES = YES;
				CLANG_ENABLE_OBJC_ARC = YES;
				CLANG_WARN_BOOL_CONVERSION = YES;
				CLANG_WARN_CONSTANT_CONVERSION = YES;
				CLANG_WARN_DIRECT_OBJC_ISA_USAGE = YES_ERROR;
				CLANG_WARN_EMPTY_BODY = YES;
				CLANG_WARN_ENUM_CONVERSION = YES;
				CLANG_WARN_INT_CONVERSION = YES;
				CLANG_WARN_OBJC_ROOT_CLASS = YES_ERROR;
				CLANG_WARN_UNREACHABLE_CODE = YES;
				CLANG_WARN__DUPLICATE_METHOD_MATCH = YES;
				"CODE_SIGN_IDENTITY[sdk=iphoneos*]" = "iPhone Developer";
				COPY_PHASE_STRIP = NO;
				DEBUG_INFORMATION_FORMAT = "dwarf-with-dsym";
				ENABLE_NS_ASSERTIONS = NO;
				ENABLE_STRICT_OBJC_MSGSEND = YES;
				GCC_C_LANGUAGE_STANDARD = gnu99;
				GCC_NO_COMMON_BLOCKS = YES;
				GCC_WARN_64_TO_32_BIT_CONVERSION = YES;
				GCC_WARN_ABOUT_RETURN_TYPE = YES_ERROR;
				GCC_WARN_UNDECLARED_SELECTOR = YES;
				GCC_WARN_UNINITIALIZED_AUTOS = YES_AGGRESSIVE;
				GCC_WARN_UNUSED_FUNCTION = YES;
				GCC_WARN_UNUSED_VARIABLE = YES;
				IPHONEOS_DEPLOYMENT_TARGET = 8.4;
				MTL_ENABLE_DEBUG_INFO = NO;
				SDKROOT = iphoneos;
				VALIDATE_PRODUCT = YES;
			};
			name = Release;
		};
		33A9154B1B89124D000CAACB /* Debug */ = {
			isa = XCBuildConfiguration;
			buildSettings = {
				ASSETCATALOG_COMPILER_APPICON_NAME = AppIcon;
				INFOPLIST_FILE = MemeMe/Info.plist;
				LD_RUNPATH_SEARCH_PATHS = "$(inherited) @executable_path/Frameworks";
				PRODUCT_NAME = "$(TARGET_NAME)";
			};
			name = Debug;
		};
		33A9154C1B89124D000CAACB /* Release */ = {
			isa = XCBuildConfiguration;
			buildSettings = {
				ASSETCATALOG_COMPILER_APPICON_NAME = AppIcon;
				INFOPLIST_FILE = MemeMe/Info.plist;
				LD_RUNPATH_SEARCH_PATHS = "$(inherited) @executable_path/Frameworks";
				PRODUCT_NAME = "$(TARGET_NAME)";
			};
			name = Release;
		};
		33A9154E1B89124D000CAACB /* Debug */ = {
			isa = XCBuildConfiguration;
			buildSettings = {
				BUNDLE_LOADER = "$(TEST_HOST)";
				FRAMEWORK_SEARCH_PATHS = (
					"$(SDKROOT)/Developer/Library/Frameworks",
					"$(inherited)",
				);
				GCC_PREPROCESSOR_DEFINITIONS = (
					"DEBUG=1",
					"$(inherited)",
				);
				INFOPLIST_FILE = MemeMeTests/Info.plist;
				LD_RUNPATH_SEARCH_PATHS = "$(inherited) @executable_path/Frameworks @loader_path/Frameworks";
				PRODUCT_NAME = "$(TARGET_NAME)";
				TEST_HOST = "$(BUILT_PRODUCTS_DIR)/MemeMe.app/MemeMe";
			};
			name = Debug;
		};
		33A9154F1B89124D000CAACB /* Release */ = {
			isa = XCBuildConfiguration;
			buildSettings = {
				BUNDLE_LOADER = "$(TEST_HOST)";
				FRAMEWORK_SEARCH_PATHS = (
					"$(SDKROOT)/Developer/Library/Frameworks",
					"$(inherited)",
				);
				INFOPLIST_FILE = MemeMeTests/Info.plist;
				LD_RUNPATH_SEARCH_PATHS = "$(inherited) @executable_path/Frameworks @loader_path/Frameworks";
				PRODUCT_NAME = "$(TARGET_NAME)";
				TEST_HOST = "$(BUILT_PRODUCTS_DIR)/MemeMe.app/MemeMe";
			};
			name = Release;
		};
/* End XCBuildConfiguration section */

/* Begin XCConfigurationList section */
		33A915261B89124D000CAACB /* Build configuration list for PBXProject "MemeMe" */ = {
			isa = XCConfigurationList;
			buildConfigurations = (
				33A915481B89124D000CAACB /* Debug */,
				33A915491B89124D000CAACB /* Release */,
			);
			defaultConfigurationIsVisible = 0;
			defaultConfigurationName = Release;
		};
		33A9154A1B89124D000CAACB /* Build configuration list for PBXNativeTarget "MemeMe" */ = {
			isa = XCConfigurationList;
			buildConfigurations = (
				33A9154B1B89124D000CAACB /* Debug */,
				33A9154C1B89124D000CAACB /* Release */,
			);
			defaultConfigurationIsVisible = 0;
			defaultConfigurationName = Release;
		};
		33A9154D1B89124D000CAACB /* Build configuration list for PBXNativeTarget "MemeMeTests" */ = {
			isa = XCConfigurationList;
			buildConfigurations = (
				33A9154E1B89124D000CAACB /* Debug */,
				33A9154F1B89124D000CAACB /* Release */,
			);
			defaultConfigurationIsVisible = 0;
			defaultConfigurationName = Release;
		};
/* End XCConfigurationList section */
	};
	rootObject = 33A915231B89124D000CAACB /* Project object */;
}
